<?xml version="1.0" encoding="utf-8"?>
<Project ToolsVersion="4.0" xmlns="http://schemas.microsoft.com/developer/msbuild/2003">
  <ItemGroup>
    <Filter Include="Source Files">
      <UniqueIdentifier>{4FC737F1-C7A5-4376-A066-2A32D752A2FF}</UniqueIdentifier>
      <Extensions>cpp;c;cc;cxx;def;odl;idl;hpj;bat;asm;asmx</Extensions>
    </Filter>
    <Filter Include="Shaders">
      <UniqueIdentifier>{5a019eb5-8829-4938-a79d-34e625c72da3}</UniqueIdentifier>
    </Filter>
  </ItemGroup>
  <ItemGroup>
    <ClCompile Include="TemplateMain.cpp">
      <Filter>Source Files</Filter>
    </ClCompile>
    <ClCompile Include="ComputeHelp.cpp">
      <Filter>Source Files</Filter>
    </ClCompile>
    <ClCompile Include="D3D11Timer.cpp">
      <Filter>Source Files</Filter>
    </ClCompile>
    <ClCompile Include="Camera.cpp">
      <Filter>Source Files</Filter>
    </ClCompile>
  </ItemGroup>
  <ItemGroup>
    <ClInclude Include="stdafx.h">
      <Filter>Source Files</Filter>
    </ClInclude>
    <ClInclude Include="ComputeHelp.h">
      <Filter>Source Files</Filter>
    </ClInclude>
    <ClInclude Include="D3D11Timer.h">
      <Filter>Source Files</Filter>
    </ClInclude>
    <ClInclude Include="input_state.h">
      <Filter>Source Files</Filter>
    </ClInclude>
    <ClInclude Include="Camera.h">
      <Filter>Source Files</Filter>
    </ClInclude>
  </ItemGroup>
  <ItemGroup>
    <FxCompile Include="..\Bin\Shaders\Intersection.fx">
      <Filter>Shaders</Filter>
    </FxCompile>
    <FxCompile Include="..\Bin\Shaders\Primary.fx">
      <Filter>Shaders</Filter>
    </FxCompile>
    <FxCompile Include="..\Bin\Shaders\Coloring.fx">
      <Filter>Shaders</Filter>
    </FxCompile>
    <FxCompile Include="..\Bin\Shaders\Common.fx">
      <Filter>Shaders</Filter>
    </FxCompile>
  </ItemGroup>
</Project>